// !$*UTF8*$!
{
	archiveVersion = 1;
	classes = {
	};
	objectVersion = 56;
	objects = {

/* Begin PBXBuildFile section */
		CC1E77982B5B2FF3002B0ECC /* TodoListApp.swift in Sources */ = {isa = PBXBuildFile; fileRef = CC1E77972B5B2FF3002B0ECC /* TodoListApp.swift */; };
		CC1E779C2B5B2FF4002B0ECC /* Assets.xcassets in Resources */ = {isa = PBXBuildFile; fileRef = CC1E779B2B5B2FF4002B0ECC /* Assets.xcassets */; };
		CC1E779F2B5B2FF4002B0ECC /* Preview Assets.xcassets in Resources */ = {isa = PBXBuildFile; fileRef = CC1E779E2B5B2FF4002B0ECC /* Preview Assets.xcassets */; };
		CC1E77A92B5B2FF4002B0ECC /* TodoListTests.swift in Sources */ = {isa = PBXBuildFile; fileRef = CC1E77A82B5B2FF4002B0ECC /* TodoListTests.swift */; };
		CC1E77B32B5B2FF4002B0ECC /* TodoListUITests.swift in Sources */ = {isa = PBXBuildFile; fileRef = CC1E77B22B5B2FF4002B0ECC /* TodoListUITests.swift */; };
		CC1E77B52B5B2FF4002B0ECC /* TodoListUITestsLaunchTests.swift in Sources */ = {isa = PBXBuildFile; fileRef = CC1E77B42B5B2FF4002B0ECC /* TodoListUITestsLaunchTests.swift */; };
		CC1E77C52B5B303B002B0ECC /* TodoListView.swift in Sources */ = {isa = PBXBuildFile; fileRef = CC1E77C42B5B303B002B0ECC /* TodoListView.swift */; };
		CC1E77C82B5B306E002B0ECC /* StartView.swift in Sources */ = {isa = PBXBuildFile; fileRef = CC1E77C72B5B306E002B0ECC /* StartView.swift */; };
		CC1E77CB2B5B3178002B0ECC /* TodoRowView.swift in Sources */ = {isa = PBXBuildFile; fileRef = CC1E77CA2B5B3178002B0ECC /* TodoRowView.swift */; };
		CC1E77CE2B5B3454002B0ECC /* AddTodoView.swift in Sources */ = {isa = PBXBuildFile; fileRef = CC1E77CD2B5B3454002B0ECC /* AddTodoView.swift */; };
		CC1E77D02B5C5FD9002B0ECC /* TodoItemModel.swift in Sources */ = {isa = PBXBuildFile; fileRef = CC1E77CF2B5C5FD9002B0ECC /* TodoItemModel.swift */; };
		CC1E77D22B5C72D1002B0ECC /* TodoListViewModel.swift in Sources */ = {isa = PBXBuildFile; fileRef = CC1E77D12B5C72D1002B0ECC /* TodoListViewModel.swift */; };
		CC651C772B5FCA0000E9F7A5 /* NoTodoItem.swift in Sources */ = {isa = PBXBuildFile; fileRef = CC651C762B5FCA0000E9F7A5 /* NoTodoItem.swift */; };
		CC651C7A2B61143400E9F7A5 /* LaunchScreen.storyboard in Resources */ = {isa = PBXBuildFile; fileRef = CC651C792B61143400E9F7A5 /* LaunchScreen.storyboard */; };
/* End PBXBuildFile section */

/* Begin PBXContainerItemProxy section */
		CC1E77A52B5B2FF4002B0ECC /* PBXContainerItemProxy */ = {
			isa = PBXContainerItemProxy;
			containerPortal = CC1E778C2B5B2FF3002B0ECC /* Project object */;
			proxyType = 1;
			remoteGlobalIDString = CC1E77932B5B2FF3002B0ECC;
			remoteInfo = TodoList;
		};
		CC1E77AF2B5B2FF4002B0ECC /* PBXContainerItemProxy */ = {
			isa = PBXContainerItemProxy;
			containerPortal = CC1E778C2B5B2FF3002B0ECC /* Project object */;
			proxyType = 1;
			remoteGlobalIDString = CC1E77932B5B2FF3002B0ECC;
			remoteInfo = TodoList;
		};
/* End PBXContainerItemProxy section */

/* Begin PBXFileReference section */
		CC1E77942B5B2FF3002B0ECC /* TodoList.app */ = {isa = PBXFileReference; explicitFileType = wrapper.application; includeInIndex = 0; path = TodoList.app; sourceTree = BUILT_PRODUCTS_DIR; };
		CC1E77972B5B2FF3002B0ECC /* TodoListApp.swift */ = {isa = PBXFileReference; lastKnownFileType = sourcecode.swift; path = TodoListApp.swift; sourceTree = "<group>"; };
		CC1E779B2B5B2FF4002B0ECC /* Assets.xcassets */ = {isa = PBXFileReference; lastKnownFileType = folder.assetcatalog; path = Assets.xcassets; sourceTree = "<group>"; };
		CC1E779E2B5B2FF4002B0ECC /* Preview Assets.xcassets */ = {isa = PBXFileReference; lastKnownFileType = folder.assetcatalog; path = "Preview Assets.xcassets"; sourceTree = "<group>"; };
		CC1E77A42B5B2FF4002B0ECC /* TodoListTests.xctest */ = {isa = PBXFileReference; explicitFileType = wrapper.cfbundle; includeInIndex = 0; path = TodoListTests.xctest; sourceTree = BUILT_PRODUCTS_DIR; };
		CC1E77A82B5B2FF4002B0ECC /* TodoListTests.swift */ = {isa = PBXFileReference; lastKnownFileType = sourcecode.swift; path = TodoListTests.swift; sourceTree = "<group>"; };
		CC1E77AE2B5B2FF4002B0ECC /* TodoListUITests.xctest */ = {isa = PBXFileReference; explicitFileType = wrapper.cfbundle; includeInIndex = 0; path = TodoListUITests.xctest; sourceTree = BUILT_PRODUCTS_DIR; };
		CC1E77B22B5B2FF4002B0ECC /* TodoListUITests.swift */ = {isa = PBXFileReference; lastKnownFileType = sourcecode.swift; path = TodoListUITests.swift; sourceTree = "<group>"; };
		CC1E77B42B5B2FF4002B0ECC /* TodoListUITestsLaunchTests.swift */ = {isa = PBXFileReference; lastKnownFileType = sourcecode.swift; path = TodoListUITestsLaunchTests.swift; sourceTree = "<group>"; };
		CC1E77C42B5B303B002B0ECC /* TodoListView.swift */ = {isa = PBXFileReference; lastKnownFileType = sourcecode.swift; path = TodoListView.swift; sourceTree = "<group>"; };
		CC1E77C72B5B306E002B0ECC /* StartView.swift */ = {isa = PBXFileReference; lastKnownFileType = sourcecode.swift; path = StartView.swift; sourceTree = "<group>"; };
		CC1E77CA2B5B3178002B0ECC /* TodoRowView.swift */ = {isa = PBXFileReference; lastKnownFileType = sourcecode.swift; path = TodoRowView.swift; sourceTree = "<group>"; };
		CC1E77CD2B5B3454002B0ECC /* AddTodoView.swift */ = {isa = PBXFileReference; lastKnownFileType = sourcecode.swift; path = AddTodoView.swift; sourceTree = "<group>"; };
		CC1E77CF2B5C5FD9002B0ECC /* TodoItemModel.swift */ = {isa = PBXFileReference; lastKnownFileType = sourcecode.swift; path = TodoItemModel.swift; sourceTree = "<group>"; };
		CC1E77D12B5C72D1002B0ECC /* TodoListViewModel.swift */ = {isa = PBXFileReference; lastKnownFileType = sourcecode.swift; path = TodoListViewModel.swift; sourceTree = "<group>"; };
		CC651C762B5FCA0000E9F7A5 /* NoTodoItem.swift */ = {isa = PBXFileReference; lastKnownFileType = sourcecode.swift; path = NoTodoItem.swift; sourceTree = "<group>"; };
		CC651C782B6113B100E9F7A5 /* Info.plist */ = {isa = PBXFileReference; lastKnownFileType = text.plist; path = Info.plist; sourceTree = "<group>"; };
		CC651C792B61143400E9F7A5 /* LaunchScreen.storyboard */ = {isa = PBXFileReference; lastKnownFileType = file.storyboard; path = LaunchScreen.storyboard; sourceTree = "<group>"; };
/* End PBXFileReference section */

/* Begin PBXFrameworksBuildPhase section */
		CC1E77912B5B2FF3002B0ECC /* Frameworks */ = {
			isa = PBXFrameworksBuildPhase;
			buildActionMask = 2147483647;
			files = (
			);
			runOnlyForDeploymentPostprocessing = 0;
		};
		CC1E77A12B5B2FF4002B0ECC /* Frameworks */ = {
			isa = PBXFrameworksBuildPhase;
			buildActionMask = 2147483647;
			files = (
			);
			runOnlyForDeploymentPostprocessing = 0;
		};
		CC1E77AB2B5B2FF4002B0ECC /* Frameworks */ = {
			isa = PBXFrameworksBuildPhase;
			buildActionMask = 2147483647;
			files = (
			);
			runOnlyForDeploymentPostprocessing = 0;
		};
/* End PBXFrameworksBuildPhase section */

/* Begin PBXGroup section */
		CC1E778B2B5B2FF3002B0ECC = {
			isa = PBXGroup;
			children = (
				CC1E77962B5B2FF3002B0ECC /* TodoList */,
				CC1E77A72B5B2FF4002B0ECC /* TodoListTests */,
				CC1E77B12B5B2FF4002B0ECC /* TodoListUITests */,
				CC1E77952B5B2FF3002B0ECC /* Products */,
			);
			sourceTree = "<group>";
		};
		CC1E77952B5B2FF3002B0ECC /* Products */ = {
			isa = PBXGroup;
			children = (
				CC1E77942B5B2FF3002B0ECC /* TodoList.app */,
				CC1E77A42B5B2FF4002B0ECC /* TodoListTests.xctest */,
				CC1E77AE2B5B2FF4002B0ECC /* TodoListUITests.xctest */,
			);
			name = Products;
			sourceTree = "<group>";
		};
		CC1E77962B5B2FF3002B0ECC /* TodoList */ = {
			isa = PBXGroup;
			children = (
				CC651C782B6113B100E9F7A5 /* Info.plist */,
				CC1E77C22B5B301B002B0ECC /* Models */,
				CC1E77C32B5B3023002B0ECC /* ViewModels */,
				CC1E77C12B5B3012002B0ECC /* Views */,
				CC1E77972B5B2FF3002B0ECC /* TodoListApp.swift */,
				CC1E779B2B5B2FF4002B0ECC /* Assets.xcassets */,
				CC1E779D2B5B2FF4002B0ECC /* Preview Content */,
				CC1E77C72B5B306E002B0ECC /* StartView.swift */,
				CC651C792B61143400E9F7A5 /* LaunchScreen.storyboard */,
			);
			path = TodoList;
			sourceTree = "<group>";
		};
		CC1E779D2B5B2FF4002B0ECC /* Preview Content */ = {
			isa = PBXGroup;
			children = (
				CC1E779E2B5B2FF4002B0ECC /* Preview Assets.xcassets */,
			);
			path = "Preview Content";
			sourceTree = "<group>";
		};
		CC1E77A72B5B2FF4002B0ECC /* TodoListTests */ = {
			isa = PBXGroup;
			children = (
				CC1E77A82B5B2FF4002B0ECC /* TodoListTests.swift */,
			);
			path = TodoListTests;
			sourceTree = "<group>";
		};
		CC1E77B12B5B2FF4002B0ECC /* TodoListUITests */ = {
			isa = PBXGroup;
			children = (
				CC1E77B22B5B2FF4002B0ECC /* TodoListUITests.swift */,
				CC1E77B42B5B2FF4002B0ECC /* TodoListUITestsLaunchTests.swift */,
			);
			path = TodoListUITests;
			sourceTree = "<group>";
		};
		CC1E77C12B5B3012002B0ECC /* Views */ = {
			isa = PBXGroup;
			children = (
				CC1E77C92B5B315B002B0ECC /* Components */,
				CC1E77C42B5B303B002B0ECC /* TodoListView.swift */,
				CC1E77CD2B5B3454002B0ECC /* AddTodoView.swift */,
				CC651C762B5FCA0000E9F7A5 /* NoTodoItem.swift */,
			);
			path = Views;
			sourceTree = "<group>";
		};
		CC1E77C22B5B301B002B0ECC /* Models */ = {
			isa = PBXGroup;
			children = (
				CC1E77CF2B5C5FD9002B0ECC /* TodoItemModel.swift */,
			);
			path = Models;
			sourceTree = "<group>";
		};
		CC1E77C32B5B3023002B0ECC /* ViewModels */ = {
			isa = PBXGroup;
			children = (
				CC1E77D12B5C72D1002B0ECC /* TodoListViewModel.swift */,
			);
			path = ViewModels;
			sourceTree = "<group>";
		};
		CC1E77C92B5B315B002B0ECC /* Components */ = {
			isa = PBXGroup;
			children = (
				CC1E77CA2B5B3178002B0ECC /* TodoRowView.swift */,
			);
			path = Components;
			sourceTree = "<group>";
		};
/* End PBXGroup section */

/* Begin PBXNativeTarget section */
		CC1E77932B5B2FF3002B0ECC /* TodoList */ = {
			isa = PBXNativeTarget;
			buildConfigurationList = CC1E77B82B5B2FF4002B0ECC /* Build configuration list for PBXNativeTarget "TodoList" */;
			buildPhases = (
				CC1E77902B5B2FF3002B0ECC /* Sources */,
				CC1E77912B5B2FF3002B0ECC /* Frameworks */,
				CC1E77922B5B2FF3002B0ECC /* Resources */,
			);
			buildRules = (
			);
			dependencies = (
			);
			name = TodoList;
			productName = TodoList;
			productReference = CC1E77942B5B2FF3002B0ECC /* TodoList.app */;
			productType = "com.apple.product-type.application";
		};
		CC1E77A32B5B2FF4002B0ECC /* TodoListTests */ = {
			isa = PBXNativeTarget;
			buildConfigurationList = CC1E77BB2B5B2FF4002B0ECC /* Build configuration list for PBXNativeTarget "TodoListTests" */;
			buildPhases = (
				CC1E77A02B5B2FF4002B0ECC /* Sources */,
				CC1E77A12B5B2FF4002B0ECC /* Frameworks */,
				CC1E77A22B5B2FF4002B0ECC /* Resources */,
			);
			buildRules = (
			);
			dependencies = (
				CC1E77A62B5B2FF4002B0ECC /* PBXTargetDependency */,
			);
			name = TodoListTests;
			productName = TodoListTests;
			productReference = CC1E77A42B5B2FF4002B0ECC /* TodoListTests.xctest */;
			productType = "com.apple.product-type.bundle.unit-test";
		};
		CC1E77AD2B5B2FF4002B0ECC /* TodoListUITests */ = {
			isa = PBXNativeTarget;
			buildConfigurationList = CC1E77BE2B5B2FF4002B0ECC /* Build configuration list for PBXNativeTarget "TodoListUITests" */;
			buildPhases = (
				CC1E77AA2B5B2FF4002B0ECC /* Sources */,
				CC1E77AB2B5B2FF4002B0ECC /* Frameworks */,
				CC1E77AC2B5B2FF4002B0ECC /* Resources */,
			);
			buildRules = (
			);
			dependencies = (
				CC1E77B02B5B2FF4002B0ECC /* PBXTargetDependency */,
			);
			name = TodoListUITests;
			productName = TodoListUITests;
			productReference = CC1E77AE2B5B2FF4002B0ECC /* TodoListUITests.xctest */;
			productType = "com.apple.product-type.bundle.ui-testing";
		};
/* End PBXNativeTarget section */

/* Begin PBXProject section */
		CC1E778C2B5B2FF3002B0ECC /* Project object */ = {
			isa = PBXProject;
			attributes = {
				BuildIndependentTargetsInParallel = 1;
				LastSwiftUpdateCheck = 1520;
				LastUpgradeCheck = 1520;
				TargetAttributes = {
					CC1E77932B5B2FF3002B0ECC = {
						CreatedOnToolsVersion = 15.2;
					};
					CC1E77A32B5B2FF4002B0ECC = {
						CreatedOnToolsVersion = 15.2;
						TestTargetID = CC1E77932B5B2FF3002B0ECC;
					};
					CC1E77AD2B5B2FF4002B0ECC = {
						CreatedOnToolsVersion = 15.2;
						TestTargetID = CC1E77932B5B2FF3002B0ECC;
					};
				};
			};
			buildConfigurationList = CC1E778F2B5B2FF3002B0ECC /* Build configuration list for PBXProject "TodoList" */;
			compatibilityVersion = "Xcode 14.0";
			developmentRegion = en;
			hasScannedForEncodings = 0;
			knownRegions = (
				en,
				Base,
			);
			mainGroup = CC1E778B2B5B2FF3002B0ECC;
			productRefGroup = CC1E77952B5B2FF3002B0ECC /* Products */;
			projectDirPath = "";
			projectRoot = "";
			targets = (
				CC1E77932B5B2FF3002B0ECC /* TodoList */,
				CC1E77A32B5B2FF4002B0ECC /* TodoListTests */,
				CC1E77AD2B5B2FF4002B0ECC /* TodoListUITests */,
			);
		};
/* End PBXProject section */

/* Begin PBXResourcesBuildPhase section */
		CC1E77922B5B2FF3002B0ECC /* Resources */ = {
			isa = PBXResourcesBuildPhase;
			buildActionMask = 2147483647;
			files = (
				CC651C7A2B61143400E9F7A5 /* LaunchScreen.storyboard in Resources */,
				CC1E779F2B5B2FF4002B0ECC /* Preview Assets.xcassets in Resources */,
				CC1E779C2B5B2FF4002B0ECC /* Assets.xcassets in Resources */,
			);
			runOnlyForDeploymentPostprocessing = 0;
		};
		CC1E77A22B5B2FF4002B0ECC /* Resources */ = {
			isa = PBXResourcesBuildPhase;
			buildActionMask = 2147483647;
			files = (
			);
			runOnlyForDeploymentPostprocessing = 0;
		};
		CC1E77AC2B5B2FF4002B0ECC /* Resources */ = {
			isa = PBXResourcesBuildPhase;
			buildActionMask = 2147483647;
			files = (
			);
			runOnlyForDeploymentPostprocessing = 0;
		};
/* End PBXResourcesBuildPhase section */

/* Begin PBXSourcesBuildPhase section */
		CC1E77902B5B2FF3002B0ECC /* Sources */ = {
			isa = PBXSourcesBuildPhase;
			buildActionMask = 2147483647;
			files = (
				CC1E77C82B5B306E002B0ECC /* StartView.swift in Sources */,
				CC1E77CB2B5B3178002B0ECC /* TodoRowView.swift in Sources */,
				CC1E77D22B5C72D1002B0ECC /* TodoListViewModel.swift in Sources */,
				CC1E77D02B5C5FD9002B0ECC /* TodoItemModel.swift in Sources */,
				CC1E77982B5B2FF3002B0ECC /* TodoListApp.swift in Sources */,
				CC651C772B5FCA0000E9F7A5 /* NoTodoItem.swift in Sources */,
				CC1E77C52B5B303B002B0ECC /* TodoListView.swift in Sources */,
				CC1E77CE2B5B3454002B0ECC /* AddTodoView.swift in Sources */,
			);
			runOnlyForDeploymentPostprocessing = 0;
		};
		CC1E77A02B5B2FF4002B0ECC /* Sources */ = {
			isa = PBXSourcesBuildPhase;
			buildActionMask = 2147483647;
			files = (
				CC1E77A92B5B2FF4002B0ECC /* TodoListTests.swift in Sources */,
			);
			runOnlyForDeploymentPostprocessing = 0;
		};
		CC1E77AA2B5B2FF4002B0ECC /* Sources */ = {
			isa = PBXSourcesBuildPhase;
			buildActionMask = 2147483647;
			files = (
				CC1E77B52B5B2FF4002B0ECC /* TodoListUITestsLaunchTests.swift in Sources */,
				CC1E77B32B5B2FF4002B0ECC /* TodoListUITests.swift in Sources */,
			);
			runOnlyForDeploymentPostprocessing = 0;
		};
/* End PBXSourcesBuildPhase section */

/* Begin PBXTargetDependency section */
		CC1E77A62B5B2FF4002B0ECC /* PBXTargetDependency */ = {
			isa = PBXTargetDependency;
			target = CC1E77932B5B2FF3002B0ECC /* TodoList */;
			targetProxy = CC1E77A52B5B2FF4002B0ECC /* PBXContainerItemProxy */;
		};
		CC1E77B02B5B2FF4002B0ECC /* PBXTargetDependency */ = {
			isa = PBXTargetDependency;
			target = CC1E77932B5B2FF3002B0ECC /* TodoList */;
			targetProxy = CC1E77AF2B5B2FF4002B0ECC /* PBXContainerItemProxy */;
		};
/* End PBXTargetDependency section */

/* Begin XCBuildConfiguration section */
		CC1E77B62B5B2FF4002B0ECC /* Debug */ = {
			isa = XCBuildConfiguration;
			buildSettings = {
				ALWAYS_SEARCH_USER_PATHS = NO;
				ASSETCATALOG_COMPILER_GENERATE_SWIFT_ASSET_SYMBOL_EXTENSIONS = YES;
				CLANG_ANALYZER_NONNULL = YES;
				CLANG_ANALYZER_NUMBER_OBJECT_CONVERSION = YES_AGGRESSIVE;
				CLANG_CXX_LANGUAGE_STANDARD = "gnu++20";
				CLANG_ENABLE_MODULES = YES;
				CLANG_ENABLE_OBJC_ARC = YES;
				CLANG_ENABLE_OBJC_WEAK = YES;
				CLANG_WARN_BLOCK_CAPTURE_AUTORELEASING = YES;
				CLANG_WARN_BOOL_CONVERSION = YES;
				CLANG_WARN_COMMA = YES;
				CLANG_WARN_CONSTANT_CONVERSION = YES;
				CLANG_WARN_DEPRECATED_OBJC_IMPLEMENTATIONS = YES;
				CLANG_WARN_DIRECT_OBJC_ISA_USAGE = YES_ERROR;
				CLANG_WARN_DOCUMENTATION_COMMENTS = YES;
				CLANG_WARN_EMPTY_BODY = YES;
				CLANG_WARN_ENUM_CONVERSION = YES;
				CLANG_WARN_INFINITE_RECURSION = YES;
				CLANG_WARN_INT_CONVERSION = YES;
				CLANG_WARN_NON_LITERAL_NULL_CONVERSION = YES;
				CLANG_WARN_OBJC_IMPLICIT_RETAIN_SELF = YES;
				CLANG_WARN_OBJC_LITERAL_CONVERSION = YES;
				CLANG_WARN_OBJC_ROOT_CLASS = YES_ERROR;
				CLANG_WARN_QUOTED_INCLUDE_IN_FRAMEWORK_HEADER = YES;
				CLANG_WARN_RANGE_LOOP_ANALYSIS = YES;
				CLANG_WARN_STRICT_PROTOTYPES = YES;
				CLANG_WARN_SUSPICIOUS_MOVE = YES;
				CLANG_WARN_UNGUARDED_AVAILABILITY = YES_AGGRESSIVE;
				CLANG_WARN_UNREACHABLE_CODE = YES;
				CLANG_WARN__DUPLICATE_METHOD_MATCH = YES;
				COPY_PHASE_STRIP = NO;
				DEBUG_INFORMATION_FORMAT = dwarf;
				ENABLE_STRICT_OBJC_MSGSEND = YES;
				ENABLE_TESTABILITY = YES;
				ENABLE_USER_SCRIPT_SANDBOXING = YES;
				GCC_C_LANGUAGE_STANDARD = gnu17;
				GCC_DYNAMIC_NO_PIC = NO;
				GCC_NO_COMMON_BLOCKS = YES;
				GCC_OPTIMIZATION_LEVEL = 0;
				GCC_PREPROCESSOR_DEFINITIONS = (
					"DEBUG=1",
					"$(inherited)",
				);
				GCC_WARN_64_TO_32_BIT_CONVERSION = YES;
				GCC_WARN_ABOUT_RETURN_TYPE = YES_ERROR;
				GCC_WARN_UNDECLARED_SELECTOR = YES;
				GCC_WARN_UNINITIALIZED_AUTOS = YES_AGGRESSIVE;
				GCC_WARN_UNUSED_FUNCTION = YES;
				GCC_WARN_UNUSED_VARIABLE = YES;
				IPHONEOS_DEPLOYMENT_TARGET = 17.2;
				LOCALIZATION_PREFERS_STRING_CATALOGS = YES;
				MTL_ENABLE_DEBUG_INFO = INCLUDE_SOURCE;
				MTL_FAST_MATH = YES;
				ONLY_ACTIVE_ARCH = YES;
				SDKROOT = iphoneos;
				SWIFT_ACTIVE_COMPILATION_CONDITIONS = "DEBUG $(inherited)";
				SWIFT_OPTIMIZATION_LEVEL = "-Onone";
			};
			name = Debug;
		};
		CC1E77B72B5B2FF4002B0ECC /* Release */ = {
			isa = XCBuildConfiguration;
			buildSettings = {
				ALWAYS_SEARCH_USER_PATHS = NO;
				ASSETCATALOG_COMPILER_GENERATE_SWIFT_ASSET_SYMBOL_EXTENSIONS = YES;
				CLANG_ANALYZER_NONNULL = YES;
				CLANG_ANALYZER_NUMBER_OBJECT_CONVERSION = YES_AGGRESSIVE;
				CLANG_CXX_LANGUAGE_STANDARD = "gnu++20";
				CLANG_ENABLE_MODULES = YES;
				CLANG_ENABLE_OBJC_ARC = YES;
				CLANG_ENABLE_OBJC_WEAK = YES;
				CLANG_WARN_BLOCK_CAPTURE_AUTORELEASING = YES;
				CLANG_WARN_BOOL_CONVERSION = YES;
				CLANG_WARN_COMMA = YES;
				CLANG_WARN_CONSTANT_CONVERSION = YES;
				CLANG_WARN_DEPRECATED_OBJC_IMPLEMENTATIONS = YES;
				CLANG_WARN_DIRECT_OBJC_ISA_USAGE = YES_ERROR;
				CLANG_WARN_DOCUMENTATION_COMMENTS = YES;
				CLANG_WARN_EMPTY_BODY = YES;
				CLANG_WARN_ENUM_CONVERSION = YES;
				CLANG_WARN_INFINITE_RECURSION = YES;
				CLANG_WARN_INT_CONVERSION = YES;
				CLANG_WARN_NON_LITERAL_NULL_CONVERSION = YES;
				CLANG_WARN_OBJC_IMPLICIT_RETAIN_SELF = YES;
				CLANG_WARN_OBJC_LITERAL_CONVERSION = YES;
				CLANG_WARN_OBJC_ROOT_CLASS = YES_ERROR;
				CLANG_WARN_QUOTED_INCLUDE_IN_FRAMEWORK_HEADER = YES;
				CLANG_WARN_RANGE_LOOP_ANALYSIS = YES;
				CLANG_WARN_STRICT_PROTOTYPES = YES;
				CLANG_WARN_SUSPICIOUS_MOVE = YES;
				CLANG_WARN_UNGUARDED_AVAILABILITY = YES_AGGRESSIVE;
				CLANG_WARN_UNREACHABLE_CODE = YES;
				CLANG_WARN__DUPLICATE_METHOD_MATCH = YES;
				COPY_PHASE_STRIP = NO;
				DEBUG_INFORMATION_FORMAT = "dwarf-with-dsym";
				ENABLE_NS_ASSERTIONS = NO;
				ENABLE_STRICT_OBJC_MSGSEND = YES;
				ENABLE_USER_SCRIPT_SANDBOXING = YES;
				GCC_C_LANGUAGE_STANDARD = gnu17;
				GCC_NO_COMMON_BLOCKS = YES;
				GCC_WARN_64_TO_32_BIT_CONVERSION = YES;
				GCC_WARN_ABOUT_RETURN_TYPE = YES_ERROR;
				GCC_WARN_UNDECLARED_SELECTOR = YES;
				GCC_WARN_UNINITIALIZED_AUTOS = YES_AGGRESSIVE;
				GCC_WARN_UNUSED_FUNCTION = YES;
				GCC_WARN_UNUSED_VARIABLE = YES;
				IPHONEOS_DEPLOYMENT_TARGET = 17.2;
				LOCALIZATION_PREFERS_STRING_CATALOGS = YES;
				MTL_ENABLE_DEBUG_INFO = NO;
				MTL_FAST_MATH = YES;
				SDKROOT = iphoneos;
				SWIFT_COMPILATION_MODE = wholemodule;
				VALIDATE_PRODUCT = YES;
			};
			name = Release;
		};
		CC1E77B92B5B2FF4002B0ECC /* Debug */ = {
			isa = XCBuildConfiguration;
			buildSettings = {
				ASSETCATALOG_COMPILER_APPICON_NAME = AppIcon;
				ASSETCATALOG_COMPILER_GLOBAL_ACCENT_COLOR_NAME = AccentColor;
				CODE_SIGN_STYLE = Automatic;
				CURRENT_PROJECT_VERSION = 1;
				DEVELOPMENT_ASSET_PATHS = "\"TodoList/Preview Content\"";
				DEVELOPMENT_TEAM = N387Q3N84N;
				ENABLE_PREVIEWS = YES;
				GENERATE_INFOPLIST_FILE = YES;
				INFOPLIST_FILE = TodoList/Info.plist;
				INFOPLIST_KEY_UIApplicationSceneManifest_Generation = YES;
				INFOPLIST_KEY_UIApplicationSupportsIndirectInputEvents = YES;
				INFOPLIST_KEY_UILaunchStoryboardName = LaunchScreen.storyboard;
				INFOPLIST_KEY_UISupportedInterfaceOrientations_iPad = "UIInterfaceOrientationPortrait UIInterfaceOrientationPortraitUpsideDown UIInterfaceOrientationLandscapeLeft UIInterfaceOrientationLandscapeRight";
				INFOPLIST_KEY_UISupportedInterfaceOrientations_iPhone = "UIInterfaceOrientationPortrait UIInterfaceOrientationLandscapeLeft UIInterfaceOrientationLandscapeRight";
				LD_RUNPATH_SEARCH_PATHS = (
					"$(inherited)",
					"@executable_path/Frameworks",
				);
				MARKETING_VERSION = 1.0;
				PRODUCT_BUNDLE_IDENTIFIER = com.decodev.TodoList;
				PRODUCT_NAME = "$(TARGET_NAME)";
				SWIFT_EMIT_LOC_STRINGS = YES;
				SWIFT_VERSION = 5.0;
				TARGETED_DEVICE_FAMILY = "1,2";
			};
			name = Debug;
		};
		CC1E77BA2B5B2FF4002B0ECC /* Release */ = {
			isa = XCBuildConfiguration;
			buildSettings = {
				ASSETCATALOG_COMPILER_APPICON_NAME = AppIcon;
				ASSETCATALOG_COMPILER_GLOBAL_ACCENT_COLOR_NAME = AccentColor;
				CODE_SIGN_STYLE = Automatic;
				CURRENT_PROJECT_VERSION = 1;
				DEVELOPMENT_ASSET_PATHS = "\"TodoList/Preview Content\"";
				DEVELOPMENT_TEAM = N387Q3N84N;
				ENABLE_PREVIEWS = YES;
				GENERATE_INFOPLIST_FILE = YES;
				INFOPLIST_FILE = TodoList/Info.plist;
				INFOPLIST_KEY_UIApplicationSceneManifest_Generation = YES;
				INFOPLIST_KEY_UIApplicationSupportsIndirectInputEvents = YES;
				INFOPLIST_KEY_UILaunchStoryboardName = LaunchScreen.storyboard;
				INFOPLIST_KEY_UISupportedInterfaceOrientations_iPad = "UIInterfaceOrientationPortrait UIInterfaceOrientationPortraitUpsideDown UIInterfaceOrientationLandscapeLeft UIInterfaceOrientationLandscapeRight";
				INFOPLIST_KEY_UISupportedInterfaceOrientations_iPhone = "UIInterfaceOrientationPortrait UIInterfaceOrientationLandscapeLeft UIInterfaceOrientationLandscapeRight";
				LD_RUNPATH_SEARCH_PATHS = (
					"$(inherited)",
					"@executable_path/Frameworks",
				);
				MARKETING_VERSION = 1.0;
				PRODUCT_BUNDLE_IDENTIFIER = com.decodev.TodoList;
				PRODUCT_NAME = "$(TARGET_NAME)";
				SWIFT_EMIT_LOC_STRINGS = YES;
				SWIFT_VERSION = 5.0;
				TARGETED_DEVICE_FAMILY = "1,2";
			};
			name = Release;
		};
		CC1E77BC2B5B2FF4002B0ECC /* Debug */ = {
			isa = XCBuildConfiguration;
			buildSettings = {
				ALWAYS_EMBED_SWIFT_STANDARD_LIBRARIES = YES;
				BUNDLE_LOADER = "$(TEST_HOST)";
				CODE_SIGN_STYLE = Automatic;
				CURRENT_PROJECT_VERSION = 1;
				DEVELOPMENT_TEAM = N387Q3N84N;
				GENERATE_INFOPLIST_FILE = YES;
				IPHONEOS_DEPLOYMENT_TARGET = 17.2;
				MARKETING_VERSION = 1.0;
				PRODUCT_BUNDLE_IDENTIFIER = com.decodev.TodoListTests;
				PRODUCT_NAME = "$(TARGET_NAME)";
				SWIFT_EMIT_LOC_STRINGS = NO;
				SWIFT_VERSION = 5.0;
				TARGETED_DEVICE_FAMILY = "1,2";
				TEST_HOST = "$(BUILT_PRODUCTS_DIR)/TodoList.app/$(BUNDLE_EXECUTABLE_FOLDER_PATH)/TodoList";
			};
			name = Debug;
		};
		CC1E77BD2B5B2FF4002B0ECC /* Release */ = {
			isa = XCBuildConfiguration;
			buildSettings = {
				ALWAYS_EMBED_SWIFT_STANDARD_LIBRARIES = YES;
				BUNDLE_LOADER = "$(TEST_HOST)";
				CODE_SIGN_STYLE = Automatic;
				CURRENT_PROJECT_VERSION = 1;
				DEVELOPMENT_TEAM = N387Q3N84N;
				GENERATE_INFOPLIST_FILE = YES;
				IPHONEOS_DEPLOYMENT_TARGET = 17.2;
				MARKETING_VERSION = 1.0;
				PRODUCT_BUNDLE_IDENTIFIER = com.decodev.TodoListTests;
				PRODUCT_NAME = "$(TARGET_NAME)";
				SWIFT_EMIT_LOC_STRINGS = NO;
				SWIFT_VERSION = 5.0;
				TARGETED_DEVICE_FAMILY = "1,2";
				TEST_HOST = "$(BUILT_PRODUCTS_DIR)/TodoList.app/$(BUNDLE_EXECUTABLE_FOLDER_PATH)/TodoList";
			};
			name = Release;
		};
		CC1E77BF2B5B2FF4002B0ECC /* Debug */ = {
			isa = XCBuildConfiguration;
			buildSettings = {
				ALWAYS_EMBED_SWIFT_STANDARD_LIBRARIES = YES;
				CODE_SIGN_STYLE = Automatic;
				CURRENT_PROJECT_VERSION = 1;
				DEVELOPMENT_TEAM = N387Q3N84N;
				GENERATE_INFOPLIST_FILE = YES;
				MARKETING_VERSION = 1.0;
				PRODUCT_BUNDLE_IDENTIFIER = com.decodev.TodoListUITests;
				PRODUCT_NAME = "$(TARGET_NAME)";
				SWIFT_EMIT_LOC_STRINGS = NO;
				SWIFT_VERSION = 5.0;
				TARGETED_DEVICE_FAMILY = "1,2";
				TEST_TARGET_NAME = TodoList;
			};
			name = Debug;
		};
		CC1E77C02B5B2FF4002B0ECC /* Release */ = {
			isa = XCBuildConfiguration;
			buildSettings = {
				ALWAYS_EMBED_SWIFT_STANDARD_LIBRARIES = YES;
				CODE_SIGN_STYLE = Automatic;
				CURRENT_PROJECT_VERSION = 1;
				DEVELOPMENT_TEAM = N387Q3N84N;
				GENERATE_INFOPLIST_FILE = YES;
				MARKETING_VERSION = 1.0;
				PRODUCT_BUNDLE_IDENTIFIER = com.decodev.TodoListUITests;
				PRODUCT_NAME = "$(TARGET_NAME)";
				SWIFT_EMIT_LOC_STRINGS = NO;
				SWIFT_VERSION = 5.0;
				TARGETED_DEVICE_FAMILY = "1,2";
				TEST_TARGET_NAME = TodoList;
			};
			name = Release;
		};
/* End XCBuildConfiguration section */

/* Begin XCConfigurationList section */
		CC1E778F2B5B2FF3002B0ECC /* Build configuration list for PBXProject "TodoList" */ = {
			isa = XCConfigurationList;
			buildConfigurations = (
				CC1E77B62B5B2FF4002B0ECC /* Debug */,
				CC1E77B72B5B2FF4002B0ECC /* Release */,
			);
			defaultConfigurationIsVisible = 0;
			defaultConfigurationName = Release;
		};
		CC1E77B82B5B2FF4002B0ECC /* Build configuration list for PBXNativeTarget "TodoList" */ = {
			isa = XCConfigurationList;
			buildConfigurations = (
				CC1E77B92B5B2FF4002B0ECC /* Debug */,
				CC1E77BA2B5B2FF4002B0ECC /* Release */,
			);
			defaultConfigurationIsVisible = 0;
			defaultConfigurationName = Release;
		};
		CC1E77BB2B5B2FF4002B0ECC /* Build configuration list for PBXNativeTarget "TodoListTests" */ = {
			isa = XCConfigurationList;
			buildConfigurations = (
				CC1E77BC2B5B2FF4002B0ECC /* Debug */,
				CC1E77BD2B5B2FF4002B0ECC /* Release */,
			);
			defaultConfigurationIsVisible = 0;
			defaultConfigurationName = Release;
		};
		CC1E77BE2B5B2FF4002B0ECC /* Build configuration list for PBXNativeTarget "TodoListUITests" */ = {
			isa = XCConfigurationList;
			buildConfigurations = (
				CC1E77BF2B5B2FF4002B0ECC /* Debug */,
				CC1E77C02B5B2FF4002B0ECC /* Release */,
			);
			defaultConfigurationIsVisible = 0;
			defaultConfigurationName = Release;
		};
/* End XCConfigurationList section */
	};
	rootObject = CC1E778C2B5B2FF3002B0ECC /* Project object */;
}
